# This file is automatically @generated by Cargo.
# It is not intended for manual editing.
version = 4

[[package]]
name = "sysboost-config"
version = "0.1.0"
dependencies = [
 "sysboost-core",
]

[[package]]
name = "sysboost-controller"
version = "0.1.0"
dependencies = [
 "sysboost-config",
 "sysboost-core",
 "sysboost-linux",
 "sysboost-platform",
 "sysboost-protocol",
]

[[package]]
name = "sysboost-core"
version = "0.1.0"

[[package]]
name = "sysboost-linux"
version = "0.1.0"
dependencies = [
 "sysboost-core",
 "sysboost-platform",
]

[[package]]
name = "sysboost-platform"
version = "0.1.0"
dependencies = [
 "sysboost-core",
]

[[package]]
name = "sysboost-privd"
version = "0.1.0"
dependencies = [
 "sysboost-core",
 "sysboost-linux",
 "sysboost-platform",
 "sysboost-protocol",
]

[[package]]
name = "sysboost-protocol"
version = "0.1.0"
dependencies = [
 "sysboost-core",
]

[[package]]
name = "sysboost-testkit"
version = "0.1.0"
dependencies = [
 "sysboost-core",
 "sysboost-platform",
]
